// !$*UTF8*$!
{
	archiveVersion = 1;
	classes = {
	};
	objectVersion = 46;
	objects = {

/* Begin PBXBuildFile section */
		61C3B3301E63B8D400C60CEA /* AppDelegate.swift in Sources */ = {isa = PBXBuildFile; fileRef = 61C3B32F1E63B8D400C60CEA /* AppDelegate.swift */; };
		61C3B3351E63B8D400C60CEA /* Main.storyboard in Resources */ = {isa = PBXBuildFile; fileRef = 61C3B3331E63B8D400C60CEA /* Main.storyboard */; };
		61C3B3371E63B8D400C60CEA /* Assets.xcassets in Resources */ = {isa = PBXBuildFile; fileRef = 61C3B3361E63B8D400C60CEA /* Assets.xcassets */; };
		61C3B33A1E63B8D400C60CEA /* LaunchScreen.storyboard in Resources */ = {isa = PBXBuildFile; fileRef = 61C3B3381E63B8D400C60CEA /* LaunchScreen.storyboard */; };
		61C3B3451E63B8D400C60CEA /* OverlayControllerDemoTests.swift in Sources */ = {isa = PBXBuildFile; fileRef = 61C3B3441E63B8D400C60CEA /* OverlayControllerDemoTests.swift */; };
		61C3B3501E63B8D400C60CEA /* OverlayControllerDemoUITests.swift in Sources */ = {isa = PBXBuildFile; fileRef = 61C3B34F1E63B8D400C60CEA /* OverlayControllerDemoUITests.swift */; };
		61C3B35F1E63B91400C60CEA /* OverlayController.swift in Sources */ = {isa = PBXBuildFile; fileRef = 61C3B35E1E63B91400C60CEA /* OverlayController.swift */; };
		61C3B3691E63BE4F00C60CEA /* CALayer_Layout.swift in Sources */ = {isa = PBXBuildFile; fileRef = 61C3B3651E63BE4F00C60CEA /* CALayer_Layout.swift */; };
		61C3B36A1E63BE4F00C60CEA /* UIColor_Extend.swift in Sources */ = {isa = PBXBuildFile; fileRef = 61C3B3661E63BE4F00C60CEA /* UIColor_Extend.swift */; };
		61C3B36B1E63BE4F00C60CEA /* UIScreen_Extend.swift in Sources */ = {isa = PBXBuildFile; fileRef = 61C3B3671E63BE4F00C60CEA /* UIScreen_Extend.swift */; };
		61C3B36C1E63BE4F00C60CEA /* UIView_Layout.swift in Sources */ = {isa = PBXBuildFile; fileRef = 61C3B3681E63BE4F00C60CEA /* UIView_Layout.swift */; };
		61C3B36F1E63BE6800C60CEA /* SnailBannerView.swift in Sources */ = {isa = PBXBuildFile; fileRef = 61C3B36D1E63BE6800C60CEA /* SnailBannerView.swift */; };
		61C3B3701E63BE6800C60CEA /* SnailSampleViews.swift in Sources */ = {isa = PBXBuildFile; fileRef = 61C3B36E1E63BE6800C60CEA /* SnailSampleViews.swift */; };
		61C3B3721E63BEB700C60CEA /* SampleController.swift in Sources */ = {isa = PBXBuildFile; fileRef = 61C3B3711E63BEB700C60CEA /* SampleController.swift */; };
/* End PBXBuildFile section */

/* Begin PBXContainerItemProxy section */
		61C3B3411E63B8D400C60CEA /* PBXContainerItemProxy */ = {
			isa = PBXContainerItemProxy;
			containerPortal = 61C3B3241E63B8D400C60CEA /* Project object */;
			proxyType = 1;
			remoteGlobalIDString = 61C3B32B1E63B8D400C60CEA;
			remoteInfo = OverlayControllerDemo;
		};
		61C3B34C1E63B8D400C60CEA /* PBXContainerItemProxy */ = {
			isa = PBXContainerItemProxy;
			containerPortal = 61C3B3241E63B8D400C60CEA /* Project object */;
			proxyType = 1;
			remoteGlobalIDString = 61C3B32B1E63B8D400C60CEA;
			remoteInfo = OverlayControllerDemo;
		};
/* End PBXContainerItemProxy section */

/* Begin PBXFileReference section */
		61C3B32C1E63B8D400C60CEA /* OverlayControllerDemo.app */ = {isa = PBXFileReference; explicitFileType = wrapper.application; includeInIndex = 0; path = OverlayControllerDemo.app; sourceTree = BUILT_PRODUCTS_DIR; };
		61C3B32F1E63B8D400C60CEA /* AppDelegate.swift */ = {isa = PBXFileReference; lastKnownFileType = sourcecode.swift; path = AppDelegate.swift; sourceTree = "<group>"; };
		61C3B3341E63B8D400C60CEA /* Base */ = {isa = PBXFileReference; lastKnownFileType = file.storyboard; name = Base; path = Base.lproj/Main.storyboard; sourceTree = "<group>"; };
		61C3B3361E63B8D400C60CEA /* Assets.xcassets */ = {isa = PBXFileReference; lastKnownFileType = folder.assetcatalog; path = Assets.xcassets; sourceTree = "<group>"; };
		61C3B3391E63B8D400C60CEA /* Base */ = {isa = PBXFileReference; lastKnownFileType = file.storyboard; name = Base; path = Base.lproj/LaunchScreen.storyboard; sourceTree = "<group>"; };
		61C3B33B1E63B8D400C60CEA /* Info.plist */ = {isa = PBXFileReference; lastKnownFileType = text.plist.xml; path = Info.plist; sourceTree = "<group>"; };
		61C3B3401E63B8D400C60CEA /* OverlayControllerDemoTests.xctest */ = {isa = PBXFileReference; explicitFileType = wrapper.cfbundle; includeInIndex = 0; path = OverlayControllerDemoTests.xctest; sourceTree = BUILT_PRODUCTS_DIR; };
		61C3B3441E63B8D400C60CEA /* OverlayControllerDemoTests.swift */ = {isa = PBXFileReference; lastKnownFileType = sourcecode.swift; path = OverlayControllerDemoTests.swift; sourceTree = "<group>"; };
		61C3B3461E63B8D400C60CEA /* Info.plist */ = {isa = PBXFileReference; lastKnownFileType = text.plist.xml; path = Info.plist; sourceTree = "<group>"; };
		61C3B34B1E63B8D400C60CEA /* OverlayControllerDemoUITests.xctest */ = {isa = PBXFileReference; explicitFileType = wrapper.cfbundle; includeInIndex = 0; path = OverlayControllerDemoUITests.xctest; sourceTree = BUILT_PRODUCTS_DIR; };
		61C3B34F1E63B8D400C60CEA /* OverlayControllerDemoUITests.swift */ = {isa = PBXFileReference; lastKnownFileType = sourcecode.swift; path = OverlayControllerDemoUITests.swift; sourceTree = "<group>"; };
		61C3B3511E63B8D400C60CEA /* Info.plist */ = {isa = PBXFileReference; lastKnownFileType = text.plist.xml; path = Info.plist; sourceTree = "<group>"; };
		61C3B35E1E63B91400C60CEA /* OverlayController.swift */ = {isa = PBXFileReference; fileEncoding = 4; lastKnownFileType = sourcecode.swift; path = OverlayController.swift; sourceTree = "<group>"; };
		61C3B3651E63BE4F00C60CEA /* CALayer_Layout.swift */ = {isa = PBXFileReference; fileEncoding = 4; lastKnownFileType = sourcecode.swift; path = CALayer_Layout.swift; sourceTree = "<group>"; };
		61C3B3661E63BE4F00C60CEA /* UIColor_Extend.swift */ = {isa = PBXFileReference; fileEncoding = 4; lastKnownFileType = sourcecode.swift; path = UIColor_Extend.swift; sourceTree = "<group>"; };
		61C3B3671E63BE4F00C60CEA /* UIScreen_Extend.swift */ = {isa = PBXFileReference; fileEncoding = 4; lastKnownFileType = sourcecode.swift; path = UIScreen_Extend.swift; sourceTree = "<group>"; };
		61C3B3681E63BE4F00C60CEA /* UIView_Layout.swift */ = {isa = PBXFileReference; fileEncoding = 4; lastKnownFileType = sourcecode.swift; path = UIView_Layout.swift; sourceTree = "<group>"; };
		61C3B36D1E63BE6800C60CEA /* SnailBannerView.swift */ = {isa = PBXFileReference; fileEncoding = 4; lastKnownFileType = sourcecode.swift; path = SnailBannerView.swift; sourceTree = "<group>"; };
		61C3B36E1E63BE6800C60CEA /* SnailSampleViews.swift */ = {isa = PBXFileReference; fileEncoding = 4; lastKnownFileType = sourcecode.swift; path = SnailSampleViews.swift; sourceTree = "<group>"; };
		61C3B3711E63BEB700C60CEA /* SampleController.swift */ = {isa = PBXFileReference; fileEncoding = 4; lastKnownFileType = sourcecode.swift; path = SampleController.swift; sourceTree = "<group>"; };
/* End PBXFileReference section */

/* Begin PBXFrameworksBuildPhase section */
		61C3B3291E63B8D400C60CEA /* Frameworks */ = {
			isa = PBXFrameworksBuildPhase;
			buildActionMask = 2147483647;
			files = (
			);
			runOnlyForDeploymentPostprocessing = 0;
		};
		61C3B33D1E63B8D400C60CEA /* Frameworks */ = {
			isa = PBXFrameworksBuildPhase;
			buildActionMask = 2147483647;
			files = (
			);
			runOnlyForDeploymentPostprocessing = 0;
		};
		61C3B3481E63B8D400C60CEA /* Frameworks */ = {
			isa = PBXFrameworksBuildPhase;
			buildActionMask = 2147483647;
			files = (
			);
			runOnlyForDeploymentPostprocessing = 0;
		};
/* End PBXFrameworksBuildPhase section */

/* Begin PBXGroup section */
		61C3B3231E63B8D400C60CEA = {
			isa = PBXGroup;
			children = (
				61C3B35D1E63B8F300C60CEA /* OverlayController */,
				61C3B32E1E63B8D400C60CEA /* OverlayControllerDemo */,
				61C3B3631E63BE3200C60CEA /* SampleViews */,
				61C3B3641E63BE3200C60CEA /* UIKitExtensions */,
				61C3B3431E63B8D400C60CEA /* OverlayControllerDemoTests */,
				61C3B34E1E63B8D400C60CEA /* OverlayControllerDemoUITests */,
				61C3B32D1E63B8D400C60CEA /* Products */,
			);
			sourceTree = "<group>";
		};
		61C3B32D1E63B8D400C60CEA /* Products */ = {
			isa = PBXGroup;
			children = (
				61C3B32C1E63B8D400C60CEA /* OverlayControllerDemo.app */,
				61C3B3401E63B8D400C60CEA /* OverlayControllerDemoTests.xctest */,
				61C3B34B1E63B8D400C60CEA /* OverlayControllerDemoUITests.xctest */,
			);
			name = Products;
			sourceTree = "<group>";
		};
		61C3B32E1E63B8D400C60CEA /* OverlayControllerDemo */ = {
			isa = PBXGroup;
			children = (
				61C3B32F1E63B8D400C60CEA /* AppDelegate.swift */,
				61C3B3711E63BEB700C60CEA /* SampleController.swift */,
				61C3B3331E63B8D400C60CEA /* Main.storyboard */,
				61C3B3361E63B8D400C60CEA /* Assets.xcassets */,
				61C3B3381E63B8D400C60CEA /* LaunchScreen.storyboard */,
				61C3B33B1E63B8D400C60CEA /* Info.plist */,
			);
			path = OverlayControllerDemo;
			sourceTree = "<group>";
		};
		61C3B3431E63B8D400C60CEA /* OverlayControllerDemoTests */ = {
			isa = PBXGroup;
			children = (
				61C3B3441E63B8D400C60CEA /* OverlayControllerDemoTests.swift */,
				61C3B3461E63B8D400C60CEA /* Info.plist */,
			);
			path = OverlayControllerDemoTests;
			sourceTree = "<group>";
		};
		61C3B34E1E63B8D400C60CEA /* OverlayControllerDemoUITests */ = {
			isa = PBXGroup;
			children = (
				61C3B34F1E63B8D400C60CEA /* OverlayControllerDemoUITests.swift */,
				61C3B3511E63B8D400C60CEA /* Info.plist */,
			);
			path = OverlayControllerDemoUITests;
			sourceTree = "<group>";
		};
		61C3B35D1E63B8F300C60CEA /* OverlayController */ = {
			isa = PBXGroup;
			children = (
				61C3B35E1E63B91400C60CEA /* OverlayController.swift */,
			);
			path = OverlayController;
			sourceTree = "<group>";
		};
		61C3B3631E63BE3200C60CEA /* SampleViews */ = {
			isa = PBXGroup;
			children = (
				61C3B36D1E63BE6800C60CEA /* SnailBannerView.swift */,
				61C3B36E1E63BE6800C60CEA /* SnailSampleViews.swift */,
			);
			name = SampleViews;
			path = OverlayControllerDemo/SampleViews;
			sourceTree = "<group>";
		};
		61C3B3641E63BE3200C60CEA /* UIKitExtensions */ = {
			isa = PBXGroup;
			children = (
				61C3B3681E63BE4F00C60CEA /* UIView_Layout.swift */,
				61C3B3651E63BE4F00C60CEA /* CALayer_Layout.swift */,
				61C3B3661E63BE4F00C60CEA /* UIColor_Extend.swift */,
				61C3B3671E63BE4F00C60CEA /* UIScreen_Extend.swift */,
			);
			name = UIKitExtensions;
			path = OverlayControllerDemo/UIKitExtensions;
			sourceTree = "<group>";
		};
/* End PBXGroup section */

/* Begin PBXNativeTarget section */
		61C3B32B1E63B8D400C60CEA /* OverlayControllerDemo */ = {
			isa = PBXNativeTarget;
			buildConfigurationList = 61C3B3541E63B8D400C60CEA /* Build configuration list for PBXNativeTarget "OverlayControllerDemo" */;
			buildPhases = (
				61C3B3281E63B8D400C60CEA /* Sources */,
				61C3B3291E63B8D400C60CEA /* Frameworks */,
				61C3B32A1E63B8D400C60CEA /* Resources */,
			);
			buildRules = (
			);
			dependencies = (
			);
			name = OverlayControllerDemo;
			productName = OverlayControllerDemo;
			productReference = 61C3B32C1E63B8D400C60CEA /* OverlayControllerDemo.app */;
			productType = "com.apple.product-type.application";
		};
		61C3B33F1E63B8D400C60CEA /* OverlayControllerDemoTests */ = {
			isa = PBXNativeTarget;
			buildConfigurationList = 61C3B3571E63B8D400C60CEA /* Build configuration list for PBXNativeTarget "OverlayControllerDemoTests" */;
			buildPhases = (
				61C3B33C1E63B8D400C60CEA /* Sources */,
				61C3B33D1E63B8D400C60CEA /* Frameworks */,
				61C3B33E1E63B8D400C60CEA /* Resources */,
			);
			buildRules = (
			);
			dependencies = (
				61C3B3421E63B8D400C60CEA /* PBXTargetDependency */,
			);
			name = OverlayControllerDemoTests;
			productName = OverlayControllerDemoTests;
			productReference = 61C3B3401E63B8D400C60CEA /* OverlayControllerDemoTests.xctest */;
			productType = "com.apple.product-type.bundle.unit-test";
		};
		61C3B34A1E63B8D400C60CEA /* OverlayControllerDemoUITests */ = {
			isa = PBXNativeTarget;
			buildConfigurationList = 61C3B35A1E63B8D400C60CEA /* Build configuration list for PBXNativeTarget "OverlayControllerDemoUITests" */;
			buildPhases = (
				61C3B3471E63B8D400C60CEA /* Sources */,
				61C3B3481E63B8D400C60CEA /* Frameworks */,
				61C3B3491E63B8D400C60CEA /* Resources */,
			);
			buildRules = (
			);
			dependencies = (
				61C3B34D1E63B8D400C60CEA /* PBXTargetDependency */,
			);
			name = OverlayControllerDemoUITests;
			productName = OverlayControllerDemoUITests;
			productReference = 61C3B34B1E63B8D400C60CEA /* OverlayControllerDemoUITests.xctest */;
			productType = "com.apple.product-type.bundle.ui-testing";
		};
/* End PBXNativeTarget section */

/* Begin PBXProject section */
		61C3B3241E63B8D400C60CEA /* Project object */ = {
			isa = PBXProject;
			attributes = {
				LastSwiftUpdateCheck = 0810;
				LastUpgradeCheck = 0810;
				ORGANIZATIONNAME = zhanghao;
				TargetAttributes = {
					61C3B32B1E63B8D400C60CEA = {
						CreatedOnToolsVersion = 8.1;
						DevelopmentTeam = 536C654M9L;
						ProvisioningStyle = Automatic;
					};
					61C3B33F1E63B8D400C60CEA = {
						CreatedOnToolsVersion = 8.1;
						ProvisioningStyle = Automatic;
						TestTargetID = 61C3B32B1E63B8D400C60CEA;
					};
					61C3B34A1E63B8D400C60CEA = {
						CreatedOnToolsVersion = 8.1;
						ProvisioningStyle = Automatic;
						TestTargetID = 61C3B32B1E63B8D400C60CEA;
					};
				};
			};
			buildConfigurationList = 61C3B3271E63B8D400C60CEA /* Build configuration list for PBXProject "OverlayControllerDemo" */;
			compatibilityVersion = "Xcode 3.2";
			developmentRegion = English;
			hasScannedForEncodings = 0;
			knownRegions = (
				en,
				Base,
			);
			mainGroup = 61C3B3231E63B8D400C60CEA;
			productRefGroup = 61C3B32D1E63B8D400C60CEA /* Products */;
			projectDirPath = "";
			projectRoot = "";
			targets = (
				61C3B32B1E63B8D400C60CEA /* OverlayControllerDemo */,
				61C3B33F1E63B8D400C60CEA /* OverlayControllerDemoTests */,
				61C3B34A1E63B8D400C60CEA /* OverlayControllerDemoUITests */,
			);
		};
/* End PBXProject section */

/* Begin PBXResourcesBuildPhase section */
		61C3B32A1E63B8D400C60CEA /* Resources */ = {
			isa = PBXResourcesBuildPhase;
			buildActionMask = 2147483647;
			files = (
				61C3B33A1E63B8D400C60CEA /* LaunchScreen.storyboard in Resources */,
				61C3B3371E63B8D400C60CEA /* Assets.xcassets in Resources */,
				61C3B3351E63B8D400C60CEA /* Main.storyboard in Resources */,
			);
			runOnlyForDeploymentPostprocessing = 0;
		};
		61C3B33E1E63B8D400C60CEA /* Resources */ = {
			isa = PBXResourcesBuildPhase;
			buildActionMask = 2147483647;
			files = (
			);
			runOnlyForDeploymentPostprocessing = 0;
		};
		61C3B3491E63B8D400C60CEA /* Resources */ = {
			isa = PBXResourcesBuildPhase;
			buildActionMask = 2147483647;
			files = (
			);
			runOnlyForDeploymentPostprocessing = 0;
		};
/* End PBXResourcesBuildPhase section */

/* Begin PBXSourcesBuildPhase section */
		61C3B3281E63B8D400C60CEA /* Sources */ = {
			isa = PBXSourcesBuildPhase;
			buildActionMask = 2147483647;
			files = (
				61C3B36F1E63BE6800C60CEA /* SnailBannerView.swift in Sources */,
				61C3B36C1E63BE4F00C60CEA /* UIView_Layout.swift in Sources */,
				61C3B3721E63BEB700C60CEA /* SampleController.swift in Sources */,
				61C3B36A1E63BE4F00C60CEA /* UIColor_Extend.swift in Sources */,
				61C3B36B1E63BE4F00C60CEA /* UIScreen_Extend.swift in Sources */,
				61C3B3701E63BE6800C60CEA /* SnailSampleViews.swift in Sources */,
				61C3B3691E63BE4F00C60CEA /* CALayer_Layout.swift in Sources */,
				61C3B3301E63B8D400C60CEA /* AppDelegate.swift in Sources */,
				61C3B35F1E63B91400C60CEA /* OverlayController.swift in Sources */,
			);
			runOnlyForDeploymentPostprocessing = 0;
		};
		61C3B33C1E63B8D400C60CEA /* Sources */ = {
			isa = PBXSourcesBuildPhase;
			buildActionMask = 2147483647;
			files = (
				61C3B3451E63B8D400C60CEA /* OverlayControllerDemoTests.swift in Sources */,
			);
			runOnlyForDeploymentPostprocessing = 0;
		};
		61C3B3471E63B8D400C60CEA /* Sources */ = {
			isa = PBXSourcesBuildPhase;
			buildActionMask = 2147483647;
			files = (
				61C3B3501E63B8D400C60CEA /* OverlayControllerDemoUITests.swift in Sources */,
			);
			runOnlyForDeploymentPostprocessing = 0;
		};
/* End PBXSourcesBuildPhase section */

/* Begin PBXTargetDependency section */
		61C3B3421E63B8D400C60CEA /* PBXTargetDependency */ = {
			isa = PBXTargetDependency;
			target = 61C3B32B1E63B8D400C60CEA /* OverlayControllerDemo */;
			targetProxy = 61C3B3411E63B8D400C60CEA /* PBXContainerItemProxy */;
		};
		61C3B34D1E63B8D400C60CEA /* PBXTargetDependency */ = {
			isa = PBXTargetDependency;
			target = 61C3B32B1E63B8D400C60CEA /* OverlayControllerDemo */;
			targetProxy = 61C3B34C1E63B8D400C60CEA /* PBXContainerItemProxy */;
		};
/* End PBXTargetDependency section */

/* Begin PBXVariantGroup section */
		61C3B3331E63B8D400C60CEA /* Main.storyboard */ = {
			isa = PBXVariantGroup;
			children = (
				61C3B3341E63B8D400C60CEA /* Base */,
			);
			name = Main.storyboard;
			sourceTree = "<group>";
		};
		61C3B3381E63B8D400C60CEA /* LaunchScreen.storyboard */ = {
			isa = PBXVariantGroup;
			children = (
				61C3B3391E63B8D400C60CEA /* Base */,
			);
			name = LaunchScreen.storyboard;
			sourceTree = "<group>";
		};
/* End PBXVariantGroup section */

/* Begin XCBuildConfiguration section */
		61C3B3521E63B8D400C60CEA /* Debug */ = {
			isa = XCBuildConfiguration;
			buildSettings = {
				ALWAYS_SEARCH_USER_PATHS = NO;
				CLANG_ANALYZER_NONNULL = YES;
				CLANG_CXX_LANGUAGE_STANDARD = "gnu++0x";
				CLANG_CXX_LIBRARY = "libc++";
				CLANG_ENABLE_MODULES = YES;
				CLANG_ENABLE_OBJC_ARC = YES;
				CLANG_WARN_BOOL_CONVERSION = YES;
				CLANG_WARN_CONSTANT_CONVERSION = YES;
				CLANG_WARN_DIRECT_OBJC_ISA_USAGE = YES_ERROR;
				CLANG_WARN_DOCUMENTATION_COMMENTS = YES;
				CLANG_WARN_EMPTY_BODY = YES;
				CLANG_WARN_ENUM_CONVERSION = YES;
				CLANG_WARN_INFINITE_RECURSION = YES;
				CLANG_WARN_INT_CONVERSION = YES;
				CLANG_WARN_OBJC_ROOT_CLASS = YES_ERROR;
				CLANG_WARN_SUSPICIOUS_MOVES = YES;
				CLANG_WARN_UNREACHABLE_CODE = YES;
				CLANG_WARN__DUPLICATE_METHOD_MATCH = YES;
				"CODE_SIGN_IDENTITY[sdk=iphoneos*]" = "iPhone Developer";
				COPY_PHASE_STRIP = NO;
				DEBUG_INFORMATION_FORMAT = dwarf;
				ENABLE_STRICT_OBJC_MSGSEND = YES;
				ENABLE_TESTABILITY = YES;
				GCC_C_LANGUAGE_STANDARD = gnu99;
				GCC_DYNAMIC_NO_PIC = NO;
				GCC_NO_COMMON_BLOCKS = YES;
				GCC_OPTIMIZATION_LEVEL = 0;
				GCC_PREPROCESSOR_DEFINITIONS = (
					"DEBUG=1",
					"$(inherited)",
				);
				GCC_WARN_64_TO_32_BIT_CONVERSION = YES;
				GCC_WARN_ABOUT_RETURN_TYPE = YES_ERROR;
				GCC_WARN_UNDECLARED_SELECTOR = YES;
				GCC_WARN_UNINITIALIZED_AUTOS = YES_AGGRESSIVE;
				GCC_WARN_UNUSED_FUNCTION = YES;
				GCC_WARN_UNUSED_VARIABLE = YES;
				IPHONEOS_DEPLOYMENT_TARGET = 10.1;
				MTL_ENABLE_DEBUG_INFO = YES;
				ONLY_ACTIVE_ARCH = YES;
				SDKROOT = iphoneos;
				SWIFT_ACTIVE_COMPILATION_CONDITIONS = DEBUG;
				SWIFT_OPTIMIZATION_LEVEL = "-Onone";
				TARGETED_DEVICE_FAMILY = "1,2";
			};
			name = Debug;
		};
		61C3B3531E63B8D400C60CEA /* Release */ = {
			isa = XCBuildConfiguration;
			buildSettings = {
				ALWAYS_SEARCH_USER_PATHS = NO;
				CLANG_ANALYZER_NONNULL = YES;
				CLANG_CXX_LANGUAGE_STANDARD = "gnu++0x";
				CLANG_CXX_LIBRARY = "libc++";
				CLANG_ENABLE_MODULES = YES;
				CLANG_ENABLE_OBJC_ARC = YES;
				CLANG_WARN_BOOL_CONVERSION = YES;
				CLANG_WARN_CONSTANT_CONVERSION = YES;
				CLANG_WARN_DIRECT_OBJC_ISA_USAGE = YES_ERROR;
				CLANG_WARN_DOCUMENTATION_COMMENTS = YES;
				CLANG_WARN_EMPTY_BODY = YES;
				CLANG_WARN_ENUM_CONVERSION = YES;
				CLANG_WARN_INFINITE_RECURSION = YES;
				CLANG_WARN_INT_CONVERSION = YES;
				CLANG_WARN_OBJC_ROOT_CLASS = YES_ERROR;
				CLANG_WARN_SUSPICIOUS_MOVES = YES;
				CLANG_WARN_UNREACHABLE_CODE = YES;
				CLANG_WARN__DUPLICATE_METHOD_MATCH = YES;
				"CODE_SIGN_IDENTITY[sdk=iphoneos*]" = "iPhone Developer";
				COPY_PHASE_STRIP = NO;
				DEBUG_INFORMATION_FORMAT = "dwarf-with-dsym";
				ENABLE_NS_ASSERTIONS = NO;
				ENABLE_STRICT_OBJC_MSGSEND = YES;
				GCC_C_LANGUAGE_STANDARD = gnu99;
				GCC_NO_COMMON_BLOCKS = YES;
				GCC_WARN_64_TO_32_BIT_CONVERSION = YES;
				GCC_WARN_ABOUT_RETURN_TYPE = YES_ERROR;
				GCC_WARN_UNDECLARED_SELECTOR = YES;
				GCC_WARN_UNINITIALIZED_AUTOS = YES_AGGRESSIVE;
				GCC_WARN_UNUSED_FUNCTION = YES;
				GCC_WARN_UNUSED_VARIABLE = YES;
				IPHONEOS_DEPLOYMENT_TARGET = 10.1;
				MTL_ENABLE_DEBUG_INFO = NO;
				SDKROOT = iphoneos;
				SWIFT_OPTIMIZATION_LEVEL = "-Owholemodule";
				TARGETED_DEVICE_FAMILY = "1,2";
				VALIDATE_PRODUCT = YES;
			};
			name = Release;
		};
		61C3B3551E63B8D400C60CEA /* Debug */ = {
			isa = XCBuildConfiguration;
			buildSettings = {
				ASSETCATALOG_COMPILER_APPICON_NAME = AppIcon;
				DEVELOPMENT_TEAM = 536C654M9L;
				INFOPLIST_FILE = OverlayControllerDemo/Info.plist;
				IPHONEOS_DEPLOYMENT_TARGET = 8.0;
				LD_RUNPATH_SEARCH_PATHS = "$(inherited) @executable_path/Frameworks";
				PRODUCT_BUNDLE_IDENTIFIER = Zhanghao.OverlayControllerDemo;
				PRODUCT_NAME = "$(TARGET_NAME)";
				SWIFT_VERSION = 3.0;
			};
			name = Debug;
		};
		61C3B3561E63B8D400C60CEA /* Release */ = {
			isa = XCBuildConfiguration;
			buildSettings = {
				ASSETCATALOG_COMPILER_APPICON_NAME = AppIcon;
				DEVELOPMENT_TEAM = 536C654M9L;
				INFOPLIST_FILE = OverlayControllerDemo/Info.plist;
				IPHONEOS_DEPLOYMENT_TARGET = 8.0;
				LD_RUNPATH_SEARCH_PATHS = "$(inherited) @executable_path/Frameworks";
				PRODUCT_BUNDLE_IDENTIFIER = Zhanghao.OverlayControllerDemo;
				PRODUCT_NAME = "$(TARGET_NAME)";
				SWIFT_VERSION = 3.0;
			};
			name = Release;
		};
		61C3B3581E63B8D400C60CEA /* Debug */ = {
			isa = XCBuildConfiguration;
			buildSettings = {
				ALWAYS_EMBED_SWIFT_STANDARD_LIBRARIES = YES;
				BUNDLE_LOADER = "$(TEST_HOST)";
				INFOPLIST_FILE = OverlayControllerDemoTests/Info.plist;
				LD_RUNPATH_SEARCH_PATHS = "$(inherited) @executable_path/Frameworks @loader_path/Frameworks";
				PRODUCT_BUNDLE_IDENTIFIER = Zhanghao.OverlayControllerDemoTests;
				PRODUCT_NAME = "$(TARGET_NAME)";
				SWIFT_VERSION = 3.0;
				TEST_HOST = "$(BUILT_PRODUCTS_DIR)/OverlayControllerDemo.app/OverlayControllerDemo";
			};
			name = Debug;
		};
		61C3B3591E63B8D400C60CEA /* Release */ = {
			isa = XCBuildConfiguration;
			buildSettings = {
				ALWAYS_EMBED_SWIFT_STANDARD_LIBRARIES = YES;
				BUNDLE_LOADER = "$(TEST_HOST)";
				INFOPLIST_FILE = OverlayControllerDemoTests/Info.plist;
				LD_RUNPATH_SEARCH_PATHS = "$(inherited) @executable_path/Frameworks @loader_path/Frameworks";
				PRODUCT_BUNDLE_IDENTIFIER = Zhanghao.OverlayControllerDemoTests;
				PRODUCT_NAME = "$(TARGET_NAME)";
				SWIFT_VERSION = 3.0;
				TEST_HOST = "$(BUILT_PRODUCTS_DIR)/OverlayControllerDemo.app/OverlayControllerDemo";
			};
			name = Release;
		};
		61C3B35B1E63B8D400C60CEA /* Debug */ = {
			isa = XCBuildConfiguration;
			buildSettings = {
				ALWAYS_EMBED_SWIFT_STANDARD_LIBRARIES = YES;
				INFOPLIST_FILE = OverlayControllerDemoUITests/Info.plist;
				LD_RUNPATH_SEARCH_PATHS = "$(inherited) @executable_path/Frameworks @loader_path/Frameworks";
				PRODUCT_BUNDLE_IDENTIFIER = Zhanghao.OverlayControllerDemoUITests;
				PRODUCT_NAME = "$(TARGET_NAME)";
				SWIFT_VERSION = 3.0;
				TEST_TARGET_NAME = OverlayControllerDemo;
			};
			name = Debug;
		};
		61C3B35C1E63B8D400C60CEA /* Release */ = {
			isa = XCBuildConfiguration;
			buildSettings = {
				ALWAYS_EMBED_SWIFT_STANDARD_LIBRARIES = YES;
				INFOPLIST_FILE = OverlayControllerDemoUITests/Info.plist;
				LD_RUNPATH_SEARCH_PATHS = "$(inherited) @executable_path/Frameworks @loader_path/Frameworks";
				PRODUCT_BUNDLE_IDENTIFIER = Zhanghao.OverlayControllerDemoUITests;
				PRODUCT_NAME = "$(TARGET_NAME)";
				SWIFT_VERSION = 3.0;
				TEST_TARGET_NAME = OverlayControllerDemo;
			};
			name = Release;
		};
/* End XCBuildConfiguration section */

/* Begin XCConfigurationList section */
		61C3B3271E63B8D400C60CEA /* Build configuration list for PBXProject "OverlayControllerDemo" */ = {
			isa = XCConfigurationList;
			buildConfigurations = (
				61C3B3521E63B8D400C60CEA /* Debug */,
				61C3B3531E63B8D400C60CEA /* Release */,
			);
			defaultConfigurationIsVisible = 0;
			defaultConfigurationName = Release;
		};
		61C3B3541E63B8D400C60CEA /* Build configuration list for PBXNativeTarget "OverlayControllerDemo" */ = {
			isa = XCConfigurationList;
			buildConfigurations = (
				61C3B3551E63B8D400C60CEA /* Debug */,
				61C3B3561E63B8D400C60CEA /* Release */,
			);
			defaultConfigurationIsVisible = 0;
			defaultConfigurationName = Release;
		};
		61C3B3571E63B8D400C60CEA /* Build configuration list for PBXNativeTarget "OverlayControllerDemoTests" */ = {
			isa = XCConfigurationList;
			buildConfigurations = (
				61C3B3581E63B8D400C60CEA /* Debug */,
				61C3B3591E63B8D400C60CEA /* Release */,
			);
			defaultConfigurationIsVisible = 0;
			defaultConfigurationName = Release;
		};
		61C3B35A1E63B8D400C60CEA /* Build configuration list for PBXNativeTarget "OverlayControllerDemoUITests" */ = {
			isa = XCConfigurationList;
			buildConfigurations = (
				61C3B35B1E63B8D400C60CEA /* Debug */,
				61C3B35C1E63B8D400C60CEA /* Release */,
			);
			defaultConfigurationIsVisible = 0;
			defaultConfigurationName = Release;
		};
/* End XCConfigurationList section */
	};
	rootObject = 61C3B3241E63B8D400C60CEA /* Project object */;
}
